
Microsoft Visual Studio Solution File, Format Version 12.00
# Visual Studio Version 16
VisualStudioVersion = 16.0.31129.286
MinimumVisualStudioVersion = 10.0.40219.1
Project("{FAE04EC0-301F-11D3-BF4B-00C04F79EFBC}") = "ConsoleApp3", "ConsoleApp3\ConsoleApp3.csproj", "{81629F30-94D1-42AD-8229-8994396F88E2}"
EndProject
Global
	GlobalSection(SolutionConfigurationPlatforms) = preSolution
		Debug|Any CPU = Debug|Any CPU
		Release|Any CPU = Release|Any CPU
	EndGlobalSection
	GlobalSection(ProjectConfigurationPlatforms) = postSolution
		{81629F30-94D1-42AD-8229-8994396F88E2}.Debug|Any CPU.ActiveCfg = Debug|Any CPU
		{81629F30-94D1-42AD-8229-8994396F88E2}.Debug|Any CPU.Build.0 = Debug|Any CPU
		{81629F30-94D1-42AD-8229-8994396F88E2}.Release|Any CPU.ActiveCfg = Release|Any CPU
		{81629F30-94D1-42AD-8229-8994396F88E2}.Release|Any CPU.Build.0 = Release|Any CPU
	EndGlobalSection
	GlobalSection(SolutionProperties) = preSolution
		HideSolutionNode = FALSE
	EndGlobalSection
	GlobalSection(ExtensibilityGlobals) = postSolution
		SolutionGuid = {CED55C25-4FC0-4D5B-BC0F-DEC0AE0BB90A}
	EndGlobalSection
EndGlobal
