
Microsoft Visual Studio Solution File, Format Version 12.00
# Visual Studio Version 16
VisualStudioVersion = 16.0.30011.22
MinimumVisualStudioVersion = 10.0.40219.1
Project("{FAE04EC0-301F-11D3-BF4B-00C04F79EFBC}") = "Iterative", "Iterative\Iterative.csproj", "{1681C304-6024-436C-ACE2-5D55A46C9965}"
EndProject
Global
	GlobalSection(SolutionConfigurationPlatforms) = preSolution
		Debug|Any CPU = Debug|Any CPU
		Release|Any CPU = Release|Any CPU
	EndGlobalSection
	GlobalSection(ProjectConfigurationPlatforms) = postSolution
		{1681C304-6024-436C-ACE2-5D55A46C9965}.Debug|Any CPU.ActiveCfg = Debug|Any CPU
		{1681C304-6024-436C-ACE2-5D55A46C9965}.Debug|Any CPU.Build.0 = Debug|Any CPU
		{1681C304-6024-436C-ACE2-5D55A46C9965}.Release|Any CPU.ActiveCfg = Release|Any CPU
		{1681C304-6024-436C-ACE2-5D55A46C9965}.Release|Any CPU.Build.0 = Release|Any CPU
	EndGlobalSection
	GlobalSection(SolutionProperties) = preSolution
		HideSolutionNode = FALSE
	EndGlobalSection
	GlobalSection(ExtensibilityGlobals) = postSolution
		SolutionGuid = {EB7CC7F4-7453-40CD-83B6-003086214BF1}
	EndGlobalSection
EndGlobal
