
Microsoft Visual Studio Solution File, Format Version 12.00
# Visual Studio Version 16
VisualStudioVersion = 16.0.30011.22
MinimumVisualStudioVersion = 10.0.40219.1
Project("{FAE04EC0-301F-11D3-BF4B-00C04F79EFBC}") = "5-3", "5-3\5-3.csproj", "{8EF25B68-5D39-48E9-B3D6-1BA6CE59B09C}"
EndProject
Global
	GlobalSection(SolutionConfigurationPlatforms) = preSolution
		Debug|Any CPU = Debug|Any CPU
		Release|Any CPU = Release|Any CPU
	EndGlobalSection
	GlobalSection(ProjectConfigurationPlatforms) = postSolution
		{8EF25B68-5D39-48E9-B3D6-1BA6CE59B09C}.Debug|Any CPU.ActiveCfg = Debug|Any CPU
		{8EF25B68-5D39-48E9-B3D6-1BA6CE59B09C}.Debug|Any CPU.Build.0 = Debug|Any CPU
		{8EF25B68-5D39-48E9-B3D6-1BA6CE59B09C}.Release|Any CPU.ActiveCfg = Release|Any CPU
		{8EF25B68-5D39-48E9-B3D6-1BA6CE59B09C}.Release|Any CPU.Build.0 = Release|Any CPU
	EndGlobalSection
	GlobalSection(SolutionProperties) = preSolution
		HideSolutionNode = FALSE
	EndGlobalSection
	GlobalSection(ExtensibilityGlobals) = postSolution
		SolutionGuid = {C468CD15-BAA8-41B2-B2CF-A4C05F301BA8}
	EndGlobalSection
EndGlobal
