
Microsoft Visual Studio Solution File, Format Version 12.00
# Visual Studio Version 16
VisualStudioVersion = 16.0.30011.22
MinimumVisualStudioVersion = 10.0.40219.1
Project("{FAE04EC0-301F-11D3-BF4B-00C04F79EFBC}") = "LeapYear", "LeapYear\LeapYear.csproj", "{CF243E96-95AA-4486-953F-E4A7715912F6}"
EndProject
Global
	GlobalSection(SolutionConfigurationPlatforms) = preSolution
		Debug|Any CPU = Debug|Any CPU
		Release|Any CPU = Release|Any CPU
	EndGlobalSection
	GlobalSection(ProjectConfigurationPlatforms) = postSolution
		{CF243E96-95AA-4486-953F-E4A7715912F6}.Debug|Any CPU.ActiveCfg = Debug|Any CPU
		{CF243E96-95AA-4486-953F-E4A7715912F6}.Debug|Any CPU.Build.0 = Debug|Any CPU
		{CF243E96-95AA-4486-953F-E4A7715912F6}.Release|Any CPU.ActiveCfg = Release|Any CPU
		{CF243E96-95AA-4486-953F-E4A7715912F6}.Release|Any CPU.Build.0 = Release|Any CPU
	EndGlobalSection
	GlobalSection(SolutionProperties) = preSolution
		HideSolutionNode = FALSE
	EndGlobalSection
	GlobalSection(ExtensibilityGlobals) = postSolution
		SolutionGuid = {4233FCB9-BA89-41AF-AA69-AB581576DFAD}
	EndGlobalSection
EndGlobal
