
Microsoft Visual Studio Solution File, Format Version 12.00
# Visual Studio Version 16
VisualStudioVersion = 16.0.31129.286
MinimumVisualStudioVersion = 10.0.40219.1
Project("{FAE04EC0-301F-11D3-BF4B-00C04F79EFBC}") = "ConsoleApp4", "ConsoleApp4\ConsoleApp4.csproj", "{C7104ADB-F75B-494E-9FD2-DD9EC6288D94}"
EndProject
Global
	GlobalSection(SolutionConfigurationPlatforms) = preSolution
		Debug|Any CPU = Debug|Any CPU
		Release|Any CPU = Release|Any CPU
	EndGlobalSection
	GlobalSection(ProjectConfigurationPlatforms) = postSolution
		{C7104ADB-F75B-494E-9FD2-DD9EC6288D94}.Debug|Any CPU.ActiveCfg = Debug|Any CPU
		{C7104ADB-F75B-494E-9FD2-DD9EC6288D94}.Debug|Any CPU.Build.0 = Debug|Any CPU
		{C7104ADB-F75B-494E-9FD2-DD9EC6288D94}.Release|Any CPU.ActiveCfg = Release|Any CPU
		{C7104ADB-F75B-494E-9FD2-DD9EC6288D94}.Release|Any CPU.Build.0 = Release|Any CPU
	EndGlobalSection
	GlobalSection(SolutionProperties) = preSolution
		HideSolutionNode = FALSE
	EndGlobalSection
	GlobalSection(ExtensibilityGlobals) = postSolution
		SolutionGuid = {5B8F4BDC-1F1C-4518-94B8-20E540E53C23}
	EndGlobalSection
EndGlobal
