
Microsoft Visual Studio Solution File, Format Version 12.00
# Visual Studio Version 16
VisualStudioVersion = 16.0.30011.22
MinimumVisualStudioVersion = 10.0.40219.1
Project("{FAE04EC0-301F-11D3-BF4B-00C04F79EFBC}") = "5-1", "5-1\5-1.csproj", "{D8C67CA2-91F3-4B0F-8F3F-1380819CDD06}"
EndProject
Global
	GlobalSection(SolutionConfigurationPlatforms) = preSolution
		Debug|Any CPU = Debug|Any CPU
		Release|Any CPU = Release|Any CPU
	EndGlobalSection
	GlobalSection(ProjectConfigurationPlatforms) = postSolution
		{D8C67CA2-91F3-4B0F-8F3F-1380819CDD06}.Debug|Any CPU.ActiveCfg = Debug|Any CPU
		{D8C67CA2-91F3-4B0F-8F3F-1380819CDD06}.Debug|Any CPU.Build.0 = Debug|Any CPU
		{D8C67CA2-91F3-4B0F-8F3F-1380819CDD06}.Release|Any CPU.ActiveCfg = Release|Any CPU
		{D8C67CA2-91F3-4B0F-8F3F-1380819CDD06}.Release|Any CPU.Build.0 = Release|Any CPU
	EndGlobalSection
	GlobalSection(SolutionProperties) = preSolution
		HideSolutionNode = FALSE
	EndGlobalSection
	GlobalSection(ExtensibilityGlobals) = postSolution
		SolutionGuid = {CDE0448D-9B07-457D-9DD5-C3A68D81B39B}
	EndGlobalSection
EndGlobal
