
Microsoft Visual Studio Solution File, Format Version 12.00
# Visual Studio Version 16
VisualStudioVersion = 16.0.30011.22
MinimumVisualStudioVersion = 10.0.40219.1
Project("{FAE04EC0-301F-11D3-BF4B-00C04F79EFBC}") = "Off", "Off\Off.csproj", "{EA016ADE-3651-4080-A32C-D3079C2135FD}"
EndProject
Global
	GlobalSection(SolutionConfigurationPlatforms) = preSolution
		Debug|Any CPU = Debug|Any CPU
		Release|Any CPU = Release|Any CPU
	EndGlobalSection
	GlobalSection(ProjectConfigurationPlatforms) = postSolution
		{EA016ADE-3651-4080-A32C-D3079C2135FD}.Debug|Any CPU.ActiveCfg = Debug|Any CPU
		{EA016ADE-3651-4080-A32C-D3079C2135FD}.Debug|Any CPU.Build.0 = Debug|Any CPU
		{EA016ADE-3651-4080-A32C-D3079C2135FD}.Release|Any CPU.ActiveCfg = Release|Any CPU
		{EA016ADE-3651-4080-A32C-D3079C2135FD}.Release|Any CPU.Build.0 = Release|Any CPU
	EndGlobalSection
	GlobalSection(SolutionProperties) = preSolution
		HideSolutionNode = FALSE
	EndGlobalSection
	GlobalSection(ExtensibilityGlobals) = postSolution
		SolutionGuid = {09E6DDB8-AE1E-4202-B699-DF7946CEC270}
	EndGlobalSection
EndGlobal
