
Microsoft Visual Studio Solution File, Format Version 12.00
# Visual Studio Version 16
VisualStudioVersion = 16.0.31129.286
MinimumVisualStudioVersion = 10.0.40219.1
Project("{FAE04EC0-301F-11D3-BF4B-00C04F79EFBC}") = "WindowsFormsApp2", "WindowsFormsApp2\WindowsFormsApp2.csproj", "{BB66332C-0A08-4E88-8FA2-2A7C3C51A539}"
EndProject
Global
	GlobalSection(SolutionConfigurationPlatforms) = preSolution
		Debug|Any CPU = Debug|Any CPU
		Release|Any CPU = Release|Any CPU
	EndGlobalSection
	GlobalSection(ProjectConfigurationPlatforms) = postSolution
		{BB66332C-0A08-4E88-8FA2-2A7C3C51A539}.Debug|Any CPU.ActiveCfg = Debug|Any CPU
		{BB66332C-0A08-4E88-8FA2-2A7C3C51A539}.Debug|Any CPU.Build.0 = Debug|Any CPU
		{BB66332C-0A08-4E88-8FA2-2A7C3C51A539}.Release|Any CPU.ActiveCfg = Release|Any CPU
		{BB66332C-0A08-4E88-8FA2-2A7C3C51A539}.Release|Any CPU.Build.0 = Release|Any CPU
	EndGlobalSection
	GlobalSection(SolutionProperties) = preSolution
		HideSolutionNode = FALSE
	EndGlobalSection
	GlobalSection(ExtensibilityGlobals) = postSolution
		SolutionGuid = {9D7A578E-1EFF-45EB-9B17-9155A357A2EA}
	EndGlobalSection
EndGlobal
